// !$*UTF8*$!
{
	archiveVersion = 1;
	classes = {
	};
	objectVersion = 50;
	objects = {

/* Begin PBXBuildFile section */
		3D454BC123C72D9E00620613 /* AppDelegate.swift in Sources */ = {isa = PBXBuildFile; fileRef = 3D454BC023C72D9E00620613 /* AppDelegate.swift */; };
		3D454BC323C72D9E00620613 /* SceneDelegate.swift in Sources */ = {isa = PBXBuildFile; fileRef = 3D454BC223C72D9E00620613 /* SceneDelegate.swift */; };
		3D454BC523C72D9E00620613 /* ViewController.swift in Sources */ = {isa = PBXBuildFile; fileRef = 3D454BC423C72D9E00620613 /* ViewController.swift */; };
		3D454BC823C72D9E00620613 /* Main.storyboard in Resources */ = {isa = PBXBuildFile; fileRef = 3D454BC623C72D9E00620613 /* Main.storyboard */; };
		3D454BCA23C72DA100620613 /* Assets.xcassets in Resources */ = {isa = PBXBuildFile; fileRef = 3D454BC923C72DA100620613 /* Assets.xcassets */; };
		3D454BCD23C72DA100620613 /* LaunchScreen.storyboard in Resources */ = {isa = PBXBuildFile; fileRef = 3D454BCB23C72DA100620613 /* LaunchScreen.storyboard */; };
/* End PBXBuildFile section */

/* Begin PBXFileReference section */
		3D454BBD23C72D9E00620613 /* imRich.app */ = {isa = PBXFileReference; explicitFileType = wrapper.application; includeInIndex = 0; path = imRich.app; sourceTree = BUILT_PRODUCTS_DIR; };
		3D454BC023C72D9E00620613 /* AppDelegate.swift */ = {isa = PBXFileReference; lastKnownFileType = sourcecode.swift; path = AppDelegate.swift; sourceTree = "<group>"; };
		3D454BC223C72D9E00620613 /* SceneDelegate.swift */ = {isa = PBXFileReference; lastKnownFileType = sourcecode.swift; path = SceneDelegate.swift; sourceTree = "<group>"; };
		3D454BC423C72D9E00620613 /* ViewController.swift */ = {isa = PBXFileReference; lastKnownFileType = sourcecode.swift; path = ViewController.swift; sourceTree = "<group>"; };
		3D454BC723C72D9E00620613 /* Base */ = {isa = PBXFileReference; lastKnownFileType = file.storyboard; name = Base; path = Base.lproj/Main.storyboard; sourceTree = "<group>"; };
		3D454BC923C72DA100620613 /* Assets.xcassets */ = {isa = PBXFileReference; lastKnownFileType = folder.assetcatalog; path = Assets.xcassets; sourceTree = "<group>"; };
		3D454BCC23C72DA100620613 /* Base */ = {isa = PBXFileReference; lastKnownFileType = file.storyboard; name = Base; path = Base.lproj/LaunchScreen.storyboard; sourceTree = "<group>"; };
		3D454BCE23C72DA100620613 /* Info.plist */ = {isa = PBXFileReference; lastKnownFileType = text.plist.xml; path = Info.plist; sourceTree = "<group>"; };
/* End PBXFileReference section */

/* Begin PBXFrameworksBuildPhase section */
		3D454BBA23C72D9E00620613 /* Frameworks */ = {
			isa = PBXFrameworksBuildPhase;
			buildActionMask = 2147483647;
			files = (
			);
			runOnlyForDeploymentPostprocessing = 0;
		};
/* End PBXFrameworksBuildPhase section */

/* Begin PBXGroup section */
		3D454BB423C72D9E00620613 = {
			isa = PBXGroup;
			children = (
				3D454BBF23C72D9E00620613 /* imRich */,
				3D454BBE23C72D9E00620613 /* Products */,
			);
			sourceTree = "<group>";
		};
		3D454BBE23C72D9E00620613 /* Products */ = {
			isa = PBXGroup;
			children = (
				3D454BBD23C72D9E00620613 /* imRich.app */,
			);
			name = Products;
			sourceTree = "<group>";
		};
		3D454BBF23C72D9E00620613 /* imRich */ = {
			isa = PBXGroup;
			children = (
				3D454BC023C72D9E00620613 /* AppDelegate.swift */,
				3D454BC223C72D9E00620613 /* SceneDelegate.swift */,
				3D454BC423C72D9E00620613 /* ViewController.swift */,
				3D454BC623C72D9E00620613 /* Main.storyboard */,
				3D454BC923C72DA100620613 /* Assets.xcassets */,
				3D454BCB23C72DA100620613 /* LaunchScreen.storyboard */,
				3D454BCE23C72DA100620613 /* Info.plist */,
			);
			path = imRich;
			sourceTree = "<group>";
		};
/* End PBXGroup section */

/* Begin PBXNativeTarget section */
		3D454BBC23C72D9E00620613 /* imRich */ = {
			isa = PBXNativeTarget;
			buildConfigurationList = 3D454BD123C72DA100620613 /* Build configuration list for PBXNativeTarget "imRich" */;
			buildPhases = (
				3D454BB923C72D9E00620613 /* Sources */,
				3D454BBA23C72D9E00620613 /* Frameworks */,
				3D454BBB23C72D9E00620613 /* Resources */,
			);
			buildRules = (
			);
			dependencies = (
			);
			name = imRich;
			productName = imRich;
			productReference = 3D454BBD23C72D9E00620613 /* imRich.app */;
			productType = "com.apple.product-type.application";
		};
/* End PBXNativeTarget section */

/* Begin PBXProject section */
		3D454BB523C72D9E00620613 /* Project object */ = {
			isa = PBXProject;
			attributes = {
				LastSwiftUpdateCheck = 1130;
				LastUpgradeCheck = 1130;
				ORGANIZATIONNAME = "Nam Le";
				TargetAttributes = {
					3D454BBC23C72D9E00620613 = {
						CreatedOnToolsVersion = 11.3;
					};
				};
			};
			buildConfigurationList = 3D454BB823C72D9E00620613 /* Build configuration list for PBXProject "imRich" */;
			compatibilityVersion = "Xcode 9.3";
			developmentRegion = en;
			hasScannedForEncodings = 0;
			knownRegions = (
				en,
				Base,
			);
			mainGroup = 3D454BB423C72D9E00620613;
			productRefGroup = 3D454BBE23C72D9E00620613 /* Products */;
			projectDirPath = "";
			projectRoot = "";
			targets = (
				3D454BBC23C72D9E00620613 /* imRich */,
			);
		};
/* End PBXProject section */

/* Begin PBXResourcesBuildPhase section */
		3D454BBB23C72D9E00620613 /* Resources */ = {
			isa = PBXResourcesBuildPhase;
			buildActionMask = 2147483647;
			files = (
				3D454BCD23C72DA100620613 /* LaunchScreen.storyboard in Resources */,
				3D454BCA23C72DA100620613 /* Assets.xcassets in Resources */,
				3D454BC823C72D9E00620613 /* Main.storyboard in Resources */,
			);
			runOnlyForDeploymentPostprocessing = 0;
		};
/* End PBXResourcesBuildPhase section */

/* Begin PBXSourcesBuildPhase section */
		3D454BB923C72D9E00620613 /* Sources */ = {
			isa = PBXSourcesBuildPhase;
			buildActionMask = 2147483647;
			files = (
				3D454BC523C72D9E00620613 /* ViewController.swift in Sources */,
				3D454BC123C72D9E00620613 /* AppDelegate.swift in Sources */,
				3D454BC323C72D9E00620613 /* SceneDelegate.swift in Sources */,
			);
			runOnlyForDeploymentPostprocessing = 0;
		};
/* End PBXSourcesBuildPhase section */

/* Begin PBXVariantGroup section */
		3D454BC623C72D9E00620613 /* Main.storyboard */ = {
			isa = PBXVariantGroup;
			children = (
				3D454BC723C72D9E00620613 /* Base */,
			);
			name = Main.storyboard;
			sourceTree = "<group>";
		};
		3D454BCB23C72DA100620613 /* LaunchScreen.storyboard */ = {
			isa = PBXVariantGroup;
			children = (
				3D454BCC23C72DA100620613 /* Base */,
			);
			name = LaunchScreen.storyboard;
			sourceTree = "<group>";
		};
/* End PBXVariantGroup section */

/* Begin XCBuildConfiguration section */
		3D454BCF23C72DA100620613 /* Debug */ = {
			isa = XCBuildConfiguration;
			buildSettings = {
				ALWAYS_SEARCH_USER_PATHS = NO;
				CLANG_ANALYZER_NONNULL = YES;
				CLANG_ANALYZER_NUMBER_OBJECT_CONVERSION = YES_AGGRESSIVE;
				CLANG_CXX_LANGUAGE_STANDARD = "gnu++14";
				CLANG_CXX_LIBRARY = "libc++";
				CLANG_ENABLE_MODULES = YES;
				CLANG_ENABLE_OBJC_ARC = YES;
				CLANG_ENABLE_OBJC_WEAK = YES;
				CLANG_WARN_BLOCK_CAPTURE_AUTORELEASING = YES;
				CLANG_WARN_BOOL_CONVERSION = YES;
				CLANG_WARN_COMMA = YES;
				CLANG_WARN_CONSTANT_CONVERSION = YES;
				CLANG_WARN_DEPRECATED_OBJC_IMPLEMENTATIONS = YES;
				CLANG_WARN_DIRECT_OBJC_ISA_USAGE = YES_ERROR;
				CLANG_WARN_DOCUMENTATION_COMMENTS = YES;
				CLANG_WARN_EMPTY_BODY = YES;
				CLANG_WARN_ENUM_CONVERSION = YES;
				CLANG_WARN_INFINITE_RECURSION = YES;
				CLANG_WARN_INT_CONVERSION = YES;
				CLANG_WARN_NON_LITERAL_NULL_CONVERSION = YES;
				CLANG_WARN_OBJC_IMPLICIT_RETAIN_SELF = YES;
				CLANG_WARN_OBJC_LITERAL_CONVERSION = YES;
				CLANG_WARN_OBJC_ROOT_CLASS = YES_ERROR;
				CLANG_WARN_RANGE_LOOP_ANALYSIS = YES;
				CLANG_WARN_STRICT_PROTOTYPES = YES;
				CLANG_WARN_SUSPICIOUS_MOVE = YES;
				CLANG_WARN_UNGUARDED_AVAILABILITY = YES_AGGRESSIVE;
				CLANG_WARN_UNREACHABLE_CODE = YES;
				CLANG_WARN__DUPLICATE_METHOD_MATCH = YES;
				COPY_PHASE_STRIP = NO;
				DEBUG_INFORMATION_FORMAT = dwarf;
				ENABLE_STRICT_OBJC_MSGSEND = YES;
				ENABLE_TESTABILITY = YES;
				GCC_C_LANGUAGE_STANDARD = gnu11;
				GCC_DYNAMIC_NO_PIC = NO;
				GCC_NO_COMMON_BLOCKS = YES;
				GCC_OPTIMIZATION_LEVEL = 0;
				GCC_PREPROCESSOR_DEFINITIONS = (
					"DEBUG=1",
					"$(inherited)",
				);
				GCC_WARN_64_TO_32_BIT_CONVERSION = YES;
				GCC_WARN_ABOUT_RETURN_TYPE = YES_ERROR;
				GCC_WARN_UNDECLARED_SELECTOR = YES;
				GCC_WARN_UNINITIALIZED_AUTOS = YES_AGGRESSIVE;
				GCC_WARN_UNUSED_FUNCTION = YES;
				GCC_WARN_UNUSED_VARIABLE = YES;
				IPHONEOS_DEPLOYMENT_TARGET = 13.2;
				MTL_ENABLE_DEBUG_INFO = INCLUDE_SOURCE;
				MTL_FAST_MATH = YES;
				ONLY_ACTIVE_ARCH = YES;
				SDKROOT = iphoneos;
				SWIFT_ACTIVE_COMPILATION_CONDITIONS = DEBUG;
				SWIFT_OPTIMIZATION_LEVEL = "-Onone";
			};
			name = Debug;
		};
		3D454BD023C72DA100620613 /* Release */ = {
			isa = XCBuildConfiguration;
			buildSettings = {
				ALWAYS_SEARCH_USER_PATHS = NO;
				CLANG_ANALYZER_NONNULL = YES;
				CLANG_ANALYZER_NUMBER_OBJECT_CONVERSION = YES_AGGRESSIVE;
				CLANG_CXX_LANGUAGE_STANDARD = "gnu++14";
				CLANG_CXX_LIBRARY = "libc++";
				CLANG_ENABLE_MODULES = YES;
				CLANG_ENABLE_OBJC_ARC = YES;
				CLANG_ENABLE_OBJC_WEAK = YES;
				CLANG_WARN_BLOCK_CAPTURE_AUTORELEASING = YES;
				CLANG_WARN_BOOL_CONVERSION = YES;
				CLANG_WARN_COMMA = YES;
				CLANG_WARN_CONSTANT_CONVERSION = YES;
				CLANG_WARN_DEPRECATED_OBJC_IMPLEMENTATIONS = YES;
				CLANG_WARN_DIRECT_OBJC_ISA_USAGE = YES_ERROR;
				CLANG_WARN_DOCUMENTATION_COMMENTS = YES;
				CLANG_WARN_EMPTY_BODY = YES;
				CLANG_WARN_ENUM_CONVERSION = YES;
				CLANG_WARN_INFINITE_RECURSION = YES;
				CLANG_WARN_INT_CONVERSION = YES;
				CLANG_WARN_NON_LITERAL_NULL_CONVERSION = YES;
				CLANG_WARN_OBJC_IMPLICIT_RETAIN_SELF = YES;
				CLANG_WARN_OBJC_LITERAL_CONVERSION = YES;
				CLANG_WARN_OBJC_ROOT_CLASS = YES_ERROR;
				CLANG_WARN_RANGE_LOOP_ANALYSIS = YES;
				CLANG_WARN_STRICT_PROTOTYPES = YES;
				CLANG_WARN_SUSPICIOUS_MOVE = YES;
				CLANG_WARN_UNGUARDED_AVAILABILITY = YES_AGGRESSIVE;
				CLANG_WARN_UNREACHABLE_CODE = YES;
				CLANG_WARN__DUPLICATE_METHOD_MATCH = YES;
				COPY_PHASE_STRIP = NO;
				DEBUG_INFORMATION_FORMAT = "dwarf-with-dsym";
				ENABLE_NS_ASSERTIONS = NO;
				ENABLE_STRICT_OBJC_MSGSEND = YES;
				GCC_C_LANGUAGE_STANDARD = gnu11;
				GCC_NO_COMMON_BLOCKS = YES;
				GCC_WARN_64_TO_32_BIT_CONVERSION = YES;
				GCC_WARN_ABOUT_RETURN_TYPE = YES_ERROR;
				GCC_WARN_UNDECLARED_SELECTOR = YES;
				GCC_WARN_UNINITIALIZED_AUTOS = YES_AGGRESSIVE;
				GCC_WARN_UNUSED_FUNCTION = YES;
				GCC_WARN_UNUSED_VARIABLE = YES;
				IPHONEOS_DEPLOYMENT_TARGET = 13.2;
				MTL_ENABLE_DEBUG_INFO = NO;
				MTL_FAST_MATH = YES;
				SDKROOT = iphoneos;
				SWIFT_COMPILATION_MODE = wholemodule;
				SWIFT_OPTIMIZATION_LEVEL = "-O";
				VALIDATE_PRODUCT = YES;
			};
			name = Release;
		};
		3D454BD223C72DA100620613 /* Debug */ = {
			isa = XCBuildConfiguration;
			buildSettings = {
				ASSETCATALOG_COMPILER_APPICON_NAME = AppIcon;
				CODE_SIGN_STYLE = Automatic;
				INFOPLIST_FILE = imRich/Info.plist;
				LD_RUNPATH_SEARCH_PATHS = (
					"$(inherited)",
					"@executable_path/Frameworks",
				);
				PRODUCT_BUNDLE_IDENTIFIER = NamLe.imRich;
				PRODUCT_NAME = "$(TARGET_NAME)";
				SWIFT_VERSION = 5.0;
				TARGETED_DEVICE_FAMILY = "1,2";
			};
			name = Debug;
		};
		3D454BD323C72DA100620613 /* Release */ = {
			isa = XCBuildConfiguration;
			buildSettings = {
				ASSETCATALOG_COMPILER_APPICON_NAME = AppIcon;
				CODE_SIGN_STYLE = Automatic;
				INFOPLIST_FILE = imRich/Info.plist;
				LD_RUNPATH_SEARCH_PATHS = (
					"$(inherited)",
					"@executable_path/Frameworks",
				);
				PRODUCT_BUNDLE_IDENTIFIER = NamLe.imRich;
				PRODUCT_NAME = "$(TARGET_NAME)";
				SWIFT_VERSION = 5.0;
				TARGETED_DEVICE_FAMILY = "1,2";
			};
			name = Release;
		};
/* End XCBuildConfiguration section */

/* Begin XCConfigurationList section */
		3D454BB823C72D9E00620613 /* Build configuration list for PBXProject "imRich" */ = {
			isa = XCConfigurationList;
			buildConfigurations = (
				3D454BCF23C72DA100620613 /* Debug */,
				3D454BD023C72DA100620613 /* Release */,
			);
			defaultConfigurationIsVisible = 0;
			defaultConfigurationName = Release;
		};
		3D454BD123C72DA100620613 /* Build configuration list for PBXNativeTarget "imRich" */ = {
			isa = XCConfigurationList;
			buildConfigurations = (
				3D454BD223C72DA100620613 /* Debug */,
				3D454BD323C72DA100620613 /* Release */,
			);
			defaultConfigurationIsVisible = 0;
			defaultConfigurationName = Release;
		};
/* End XCConfigurationList section */
	};
	rootObject = 3D454BB523C72D9E00620613 /* Project object */;
}
